
Microsoft Visual Studio Solution File, Format Version 12.00
# Visual Studio Version 16
VisualStudioVersion = 16.0.31624.102
MinimumVisualStudioVersion = 10.0.40219.1
Project("{FAE04EC0-301F-11D3-BF4B-00C04F79EFBC}") = "Lab3_NM_Var9", "Lab3_NM_Var9\Lab3_NM_Var9.csproj", "{05848B3F-176F-4526-8C39-02E8F8E841A6}"
EndProject
Global
	GlobalSection(SolutionConfigurationPlatforms) = preSolution
		Debug|Any CPU = Debug|Any CPU
		Release|Any CPU = Release|Any CPU
	EndGlobalSection
	GlobalSection(ProjectConfigurationPlatforms) = postSolution
		{05848B3F-176F-4526-8C39-02E8F8E841A6}.Debug|Any CPU.ActiveCfg = Debug|Any CPU
		{05848B3F-176F-4526-8C39-02E8F8E841A6}.Debug|Any CPU.Build.0 = Debug|Any CPU
		{05848B3F-176F-4526-8C39-02E8F8E841A6}.Release|Any CPU.ActiveCfg = Release|Any CPU
		{05848B3F-176F-4526-8C39-02E8F8E841A6}.Release|Any CPU.Build.0 = Release|Any CPU
	EndGlobalSection
	GlobalSection(SolutionProperties) = preSolution
		HideSolutionNode = FALSE
	EndGlobalSection
	GlobalSection(ExtensibilityGlobals) = postSolution
		SolutionGuid = {D896624E-56D1-4489-9141-EBE0F63FF2D3}
	EndGlobalSection
EndGlobal
